
Microsoft Visual Studio Solution File, Format Version 12.00
# Visual Studio Version 17
VisualStudioVersion = 17.9.34723.18
MinimumVisualStudioVersion = 10.0.40219.1
Project("{FAE04EC0-301F-11D3-BF4B-00C04F79EFBC}") = "WindowsFormsApp7", "WindowsFormsApp7\WindowsFormsApp7.csproj", "{B804B71C-C4BC-4A35-B3AA-A189D522485A}"
EndProject
Global
	GlobalSection(SolutionConfigurationPlatforms) = preSolution
		Debug|Any CPU = Debug|Any CPU
		Release|Any CPU = Release|Any CPU
	EndGlobalSection
	GlobalSection(ProjectConfigurationPlatforms) = postSolution
		{B804B71C-C4BC-4A35-B3AA-A189D522485A}.Debug|Any CPU.ActiveCfg = Debug|Any CPU
		{B804B71C-C4BC-4A35-B3AA-A189D522485A}.Debug|Any CPU.Build.0 = Debug|Any CPU
		{B804B71C-C4BC-4A35-B3AA-A189D522485A}.Release|Any CPU.ActiveCfg = Release|Any CPU
		{B804B71C-C4BC-4A35-B3AA-A189D522485A}.Release|Any CPU.Build.0 = Release|Any CPU
	EndGlobalSection
	GlobalSection(SolutionProperties) = preSolution
		HideSolutionNode = FALSE
	EndGlobalSection
	GlobalSection(ExtensibilityGlobals) = postSolution
		SolutionGuid = {3D91A444-8E2D-427E-8683-8A4819ABB7B8}
	EndGlobalSection
EndGlobal
